{
  "pins" : [
    {
      "identity" : "keyboardshortcuts",
      "kind" : "remoteSourceControl",
      "location" : "https://github.com/zhiyozhao/KeyboardShortcuts",
      "state" : {
        "branch" : "2.4.0-resilient-resource-bundle",
        "revision" : "6e8ead64feb64026846cb23ee4fbf004d5706c7c"
      }
    }
  ],
  "version" : 2
}
