{
  "pins" : [
    {
      "identity" : "keyboardshortcuts",
      "kind" : "remoteSourceControl",
      "location" : "https://github.com/zhiyozhao/KeyboardShortcuts",
      "state" : {
        "branch" : "2.4.0-resilient-resource-bundle",
        "revision" : "106683377d809b29422410fa162f01445cc02d0d"
      }
    }
  ],
  "version" : 2
}
